
Microsoft Visual Studio Solution File, Format Version 12.00
# Visual Studio Version 17
VisualStudioVersion = 17.3.32825.248
MinimumVisualStudioVersion = 10.0.40219.1
Project("{FAE04EC0-301F-11D3-BF4B-00C04F79EFBC}") = "FahrgemeinschaftsProjekt", "FahrgemeinschaftsProjekt\FahrgemeinschaftsProjekt.csproj", "{71FFE74F-F0EF-4B80-8ED6-1B791CA08E23}"
EndProject
Global
	GlobalSection(SolutionConfigurationPlatforms) = preSolution
		Debug|Any CPU = Debug|Any CPU
		Release|Any CPU = Release|Any CPU
	EndGlobalSection
	GlobalSection(ProjectConfigurationPlatforms) = postSolution
		{71FFE74F-F0EF-4B80-8ED6-1B791CA08E23}.Debug|Any CPU.ActiveCfg = Debug|Any CPU
		{71FFE74F-F0EF-4B80-8ED6-1B791CA08E23}.Debug|Any CPU.Build.0 = Debug|Any CPU
		{71FFE74F-F0EF-4B80-8ED6-1B791CA08E23}.Release|Any CPU.ActiveCfg = Release|Any CPU
		{71FFE74F-F0EF-4B80-8ED6-1B791CA08E23}.Release|Any CPU.Build.0 = Release|Any CPU
	EndGlobalSection
	GlobalSection(SolutionProperties) = preSolution
		HideSolutionNode = FALSE
	EndGlobalSection
	GlobalSection(ExtensibilityGlobals) = postSolution
		SolutionGuid = {7D600933-DE3B-4210-8732-0910BE355CD4}
	EndGlobalSection
EndGlobal
